
Microsoft Visual Studio Solution File, Format Version 12.00
# Visual Studio Version 17
VisualStudioVersion = 17.13.35825.156 d17.13
MinimumVisualStudioVersion = 10.0.40219.1
Project("{FAE04EC0-301F-11D3-BF4B-00C04F79EFBC}") = "ClubeDaLeituraConsoleApp", "ClubeDaLeituraConsoleApp\ClubeDaLeituraConsoleApp.csproj", "{AE110E25-538D-40DB-B71F-50E27C93FC41}"
EndProject
Global
	GlobalSection(SolutionConfigurationPlatforms) = preSolution
		Debug|Any CPU = Debug|Any CPU
		Release|Any CPU = Release|Any CPU
	EndGlobalSection
	GlobalSection(ProjectConfigurationPlatforms) = postSolution
		{AE110E25-538D-40DB-B71F-50E27C93FC41}.Debug|Any CPU.ActiveCfg = Debug|Any CPU
		{AE110E25-538D-40DB-B71F-50E27C93FC41}.Debug|Any CPU.Build.0 = Debug|Any CPU
		{AE110E25-538D-40DB-B71F-50E27C93FC41}.Release|Any CPU.ActiveCfg = Release|Any CPU
		{AE110E25-538D-40DB-B71F-50E27C93FC41}.Release|Any CPU.Build.0 = Release|Any CPU
	EndGlobalSection
	GlobalSection(SolutionProperties) = preSolution
		HideSolutionNode = FALSE
	EndGlobalSection
	GlobalSection(ExtensibilityGlobals) = postSolution
		SolutionGuid = {FD0A5255-721D-43B2-B52D-A6892AF1ADF4}
	EndGlobalSection
EndGlobal
